
Microsoft Visual Studio Solution File, Format Version 11.00
# Visual Studio 15
VisualStudioVersion = 15.0.27130.2003
MinimumVisualStudioVersion = 10.0.40219.1
Project("{8BC9CEB8-8B4A-11D0-8D11-00A0C91BC942}") = "Compiler", "Compiler\Compiler.vcxproj", "{31B35BF5-4B97-4B46-8176-1AA7E94ECE8A}"
EndProject
Global
	GlobalSection(SolutionConfigurationPlatforms) = preSolution
		Debug|Win32 = Debug|Win32
		Release|Win32 = Release|Win32
	EndGlobalSection
	GlobalSection(ProjectConfigurationPlatforms) = postSolution
		{31B35BF5-4B97-4B46-8176-1AA7E94ECE8A}.Debug|Win32.ActiveCfg = Debug|Win32
		{31B35BF5-4B97-4B46-8176-1AA7E94ECE8A}.Debug|Win32.Build.0 = Debug|Win32
		{31B35BF5-4B97-4B46-8176-1AA7E94ECE8A}.Release|Win32.ActiveCfg = Release|Win32
		{31B35BF5-4B97-4B46-8176-1AA7E94ECE8A}.Release|Win32.Build.0 = Release|Win32
	EndGlobalSection
	GlobalSection(SolutionProperties) = preSolution
		HideSolutionNode = FALSE
	EndGlobalSection
	GlobalSection(ExtensibilityGlobals) = postSolution
		SolutionGuid = {E865310B-69E2-44E3-9EB3-9914A5FE3C0E}
	EndGlobalSection
	GlobalSection(TestCaseManagementSettings) = postSolution
		CategoryFile = Compiler.vsmdi
	EndGlobalSection
EndGlobal
